
Microsoft Visual Studio Solution File, Format Version 12.00
# Visual Studio Version 17
VisualStudioVersion = 17.3.32929.385
MinimumVisualStudioVersion = 10.0.40219.1
Project("{9A19103F-16F7-4668-BE54-9A1E7A4F7556}") = "RCON", "Protector\RCON.csproj", "{972E87B8-8F81-4AF0-B1BF-1E19FF485375}"
EndProject
Global
	GlobalSection(SolutionConfigurationPlatforms) = preSolution
		Debug|Any CPU = Debug|Any CPU
		Release|Any CPU = Release|Any CPU
	EndGlobalSection
	GlobalSection(ProjectConfigurationPlatforms) = postSolution
		{972E87B8-8F81-4AF0-B1BF-1E19FF485375}.Debug|Any CPU.ActiveCfg = Debug|Any CPU
		{972E87B8-8F81-4AF0-B1BF-1E19FF485375}.Debug|Any CPU.Build.0 = Debug|Any CPU
		{972E87B8-8F81-4AF0-B1BF-1E19FF485375}.Release|Any CPU.ActiveCfg = Release|Any CPU
		{972E87B8-8F81-4AF0-B1BF-1E19FF485375}.Release|Any CPU.Build.0 = Release|Any CPU
	EndGlobalSection
	GlobalSection(SolutionProperties) = preSolution
		HideSolutionNode = FALSE
	EndGlobalSection
	GlobalSection(ExtensibilityGlobals) = postSolution
		SolutionGuid = {CF634B26-87FC-427D-A456-E3DEE9A9611D}
	EndGlobalSection
EndGlobal
